
Microsoft Visual Studio Solution File, Format Version 12.00
# Visual Studio Version 17
VisualStudioVersion = 17.6.33801.468
MinimumVisualStudioVersion = 10.0.40219.1
Project("{FAE04EC0-301F-11D3-BF4B-00C04F79EFBC}") = "LookUpBusRoute", "LookUpBusRoute\LookUpBusRoute.csproj", "{6AB5AEBB-54EF-43AC-956D-2690834282C7}"
EndProject
Global
	GlobalSection(SolutionConfigurationPlatforms) = preSolution
		Debug|Any CPU = Debug|Any CPU
		Release|Any CPU = Release|Any CPU
	EndGlobalSection
	GlobalSection(ProjectConfigurationPlatforms) = postSolution
		{6AB5AEBB-54EF-43AC-956D-2690834282C7}.Debug|Any CPU.ActiveCfg = Debug|Any CPU
		{6AB5AEBB-54EF-43AC-956D-2690834282C7}.Debug|Any CPU.Build.0 = Debug|Any CPU
		{6AB5AEBB-54EF-43AC-956D-2690834282C7}.Release|Any CPU.ActiveCfg = Release|Any CPU
		{6AB5AEBB-54EF-43AC-956D-2690834282C7}.Release|Any CPU.Build.0 = Release|Any CPU
	EndGlobalSection
	GlobalSection(SolutionProperties) = preSolution
		HideSolutionNode = FALSE
	EndGlobalSection
	GlobalSection(ExtensibilityGlobals) = postSolution
		SolutionGuid = {EBE92B4C-2174-43B4-A425-EF56A49F4E23}
	EndGlobalSection
EndGlobal
